// !$*UTF8*$!
{
	archiveVersion = 1;
	classes = {
	};
	objectVersion = 55;
	objects = {

/* Begin PBXBuildFile section */
		EFB4032E28DA558400794535 /* BankingApplicationApp.swift in Sources */ = {isa = PBXBuildFile; fileRef = EFB4032D28DA558400794535 /* BankingApplicationApp.swift */; };
		EFB4033028DA558400794535 /* ContentView.swift in Sources */ = {isa = PBXBuildFile; fileRef = EFB4032F28DA558400794535 /* ContentView.swift */; };
		EFB4033228DA558600794535 /* Assets.xcassets in Resources */ = {isa = PBXBuildFile; fileRef = EFB4033128DA558600794535 /* Assets.xcassets */; };
		EFB4033528DA558600794535 /* Preview Assets.xcassets in Resources */ = {isa = PBXBuildFile; fileRef = EFB4033428DA558600794535 /* Preview Assets.xcassets */; };
		EFB4033C28DA567F00794535 /* Accounts.swift in Sources */ = {isa = PBXBuildFile; fileRef = EFB4033B28DA567F00794535 /* Accounts.swift */; };
		EFB4034228DA5A4200794535 /* Model.swift in Sources */ = {isa = PBXBuildFile; fileRef = EFB4034128DA5A4200794535 /* Model.swift */; };
		EFB4034628DA5A7D00794535 /* AccountsView.swift in Sources */ = {isa = PBXBuildFile; fileRef = EFB4034528DA5A7D00794535 /* AccountsView.swift */; };
		EFB4034828DA5A8A00794535 /* PaymentsView.swift in Sources */ = {isa = PBXBuildFile; fileRef = EFB4034728DA5A8A00794535 /* PaymentsView.swift */; };
		EFB4034A28DA5A9200794535 /* SummaryView.swift in Sources */ = {isa = PBXBuildFile; fileRef = EFB4034928DA5A9200794535 /* SummaryView.swift */; };
		EFB4034C28DA5A9E00794535 /* AccountModelView.swift in Sources */ = {isa = PBXBuildFile; fileRef = EFB4034B28DA5A9E00794535 /* AccountModelView.swift */; };
/* End PBXBuildFile section */

/* Begin PBXFileReference section */
		EFB4032A28DA558400794535 /* BankingApplication.app */ = {isa = PBXFileReference; explicitFileType = wrapper.application; includeInIndex = 0; path = BankingApplication.app; sourceTree = BUILT_PRODUCTS_DIR; };
		EFB4032D28DA558400794535 /* BankingApplicationApp.swift */ = {isa = PBXFileReference; lastKnownFileType = sourcecode.swift; path = BankingApplicationApp.swift; sourceTree = "<group>"; };
		EFB4032F28DA558400794535 /* ContentView.swift */ = {isa = PBXFileReference; lastKnownFileType = sourcecode.swift; path = ContentView.swift; sourceTree = "<group>"; };
		EFB4033128DA558600794535 /* Assets.xcassets */ = {isa = PBXFileReference; lastKnownFileType = folder.assetcatalog; path = Assets.xcassets; sourceTree = "<group>"; };
		EFB4033428DA558600794535 /* Preview Assets.xcassets */ = {isa = PBXFileReference; lastKnownFileType = folder.assetcatalog; path = "Preview Assets.xcassets"; sourceTree = "<group>"; };
		EFB4033B28DA567F00794535 /* Accounts.swift */ = {isa = PBXFileReference; fileEncoding = 4; lastKnownFileType = sourcecode.swift; path = Accounts.swift; sourceTree = "<group>"; };
		EFB4034128DA5A4200794535 /* Model.swift */ = {isa = PBXFileReference; fileEncoding = 4; lastKnownFileType = sourcecode.swift; path = Model.swift; sourceTree = "<group>"; };
		EFB4034528DA5A7D00794535 /* AccountsView.swift */ = {isa = PBXFileReference; fileEncoding = 4; lastKnownFileType = sourcecode.swift; path = AccountsView.swift; sourceTree = "<group>"; };
		EFB4034728DA5A8A00794535 /* PaymentsView.swift */ = {isa = PBXFileReference; fileEncoding = 4; lastKnownFileType = sourcecode.swift; path = PaymentsView.swift; sourceTree = "<group>"; };
		EFB4034928DA5A9200794535 /* SummaryView.swift */ = {isa = PBXFileReference; fileEncoding = 4; lastKnownFileType = sourcecode.swift; path = SummaryView.swift; sourceTree = "<group>"; };
		EFB4034B28DA5A9E00794535 /* AccountModelView.swift */ = {isa = PBXFileReference; fileEncoding = 4; lastKnownFileType = sourcecode.swift; path = AccountModelView.swift; sourceTree = "<group>"; };
/* End PBXFileReference section */

/* Begin PBXFrameworksBuildPhase section */
		EFB4032728DA558400794535 /* Frameworks */ = {
			isa = PBXFrameworksBuildPhase;
			buildActionMask = 2147483647;
			files = (
			);
			runOnlyForDeploymentPostprocessing = 0;
		};
/* End PBXFrameworksBuildPhase section */

/* Begin PBXGroup section */
		EF93B44228DB78A700BCB374 /* NavigationViews */ = {
			isa = PBXGroup;
			children = (
				EFB4034728DA5A8A00794535 /* PaymentsView.swift */,
				EFB4034528DA5A7D00794535 /* AccountsView.swift */,
				EFB4034928DA5A9200794535 /* SummaryView.swift */,
			);
			path = NavigationViews;
			sourceTree = "<group>";
		};
		EF93B44328DB78D600BCB374 /* Models */ = {
			isa = PBXGroup;
			children = (
				EFB4034128DA5A4200794535 /* Model.swift */,
				EFB4034B28DA5A9E00794535 /* AccountModelView.swift */,
			);
			path = Models;
			sourceTree = "<group>";
		};
		EFB4032128DA558400794535 = {
			isa = PBXGroup;
			children = (
				EFB4032C28DA558400794535 /* BankingApplication */,
				EFB4032B28DA558400794535 /* Products */,
			);
			sourceTree = "<group>";
		};
		EFB4032B28DA558400794535 /* Products */ = {
			isa = PBXGroup;
			children = (
				EFB4032A28DA558400794535 /* BankingApplication.app */,
			);
			name = Products;
			sourceTree = "<group>";
		};
		EFB4032C28DA558400794535 /* BankingApplication */ = {
			isa = PBXGroup;
			children = (
				EFB4032D28DA558400794535 /* BankingApplicationApp.swift */,
				EFB4032F28DA558400794535 /* ContentView.swift */,
				EFB4033B28DA567F00794535 /* Accounts.swift */,
				EF93B44328DB78D600BCB374 /* Models */,
				EF93B44228DB78A700BCB374 /* NavigationViews */,
				EFB4033128DA558600794535 /* Assets.xcassets */,
				EFB4033328DA558600794535 /* Preview Content */,
			);
			path = BankingApplication;
			sourceTree = "<group>";
		};
		EFB4033328DA558600794535 /* Preview Content */ = {
			isa = PBXGroup;
			children = (
				EFB4033428DA558600794535 /* Preview Assets.xcassets */,
			);
			path = "Preview Content";
			sourceTree = "<group>";
		};
/* End PBXGroup section */

/* Begin PBXNativeTarget section */
		EFB4032928DA558400794535 /* BankingApplication */ = {
			isa = PBXNativeTarget;
			buildConfigurationList = EFB4033828DA558600794535 /* Build configuration list for PBXNativeTarget "BankingApplication" */;
			buildPhases = (
				EFB4032628DA558400794535 /* Sources */,
				EFB4032728DA558400794535 /* Frameworks */,
				EFB4032828DA558400794535 /* Resources */,
			);
			buildRules = (
			);
			dependencies = (
			);
			name = BankingApplication;
			productName = BankingApplication;
			productReference = EFB4032A28DA558400794535 /* BankingApplication.app */;
			productType = "com.apple.product-type.application";
		};
/* End PBXNativeTarget section */

/* Begin PBXProject section */
		EFB4032228DA558400794535 /* Project object */ = {
			isa = PBXProject;
			attributes = {
				BuildIndependentTargetsInParallel = 1;
				LastSwiftUpdateCheck = 1340;
				LastUpgradeCheck = 1340;
				TargetAttributes = {
					EFB4032928DA558400794535 = {
						CreatedOnToolsVersion = 13.4.1;
					};
				};
			};
			buildConfigurationList = EFB4032528DA558400794535 /* Build configuration list for PBXProject "BankingApplication" */;
			compatibilityVersion = "Xcode 13.0";
			developmentRegion = en;
			hasScannedForEncodings = 0;
			knownRegions = (
				en,
				Base,
			);
			mainGroup = EFB4032128DA558400794535;
			productRefGroup = EFB4032B28DA558400794535 /* Products */;
			projectDirPath = "";
			projectRoot = "";
			targets = (
				EFB4032928DA558400794535 /* BankingApplication */,
			);
		};
/* End PBXProject section */

/* Begin PBXResourcesBuildPhase section */
		EFB4032828DA558400794535 /* Resources */ = {
			isa = PBXResourcesBuildPhase;
			buildActionMask = 2147483647;
			files = (
				EFB4033528DA558600794535 /* Preview Assets.xcassets in Resources */,
				EFB4033228DA558600794535 /* Assets.xcassets in Resources */,
			);
			runOnlyForDeploymentPostprocessing = 0;
		};
/* End PBXResourcesBuildPhase section */

/* Begin PBXSourcesBuildPhase section */
		EFB4032628DA558400794535 /* Sources */ = {
			isa = PBXSourcesBuildPhase;
			buildActionMask = 2147483647;
			files = (
				EFB4034C28DA5A9E00794535 /* AccountModelView.swift in Sources */,
				EFB4033028DA558400794535 /* ContentView.swift in Sources */,
				EFB4034828DA5A8A00794535 /* PaymentsView.swift in Sources */,
				EFB4032E28DA558400794535 /* BankingApplicationApp.swift in Sources */,
				EFB4034228DA5A4200794535 /* Model.swift in Sources */,
				EFB4034628DA5A7D00794535 /* AccountsView.swift in Sources */,
				EFB4033C28DA567F00794535 /* Accounts.swift in Sources */,
				EFB4034A28DA5A9200794535 /* SummaryView.swift in Sources */,
			);
			runOnlyForDeploymentPostprocessing = 0;
		};
/* End PBXSourcesBuildPhase section */

/* Begin XCBuildConfiguration section */
		EFB4033628DA558600794535 /* Debug */ = {
			isa = XCBuildConfiguration;
			buildSettings = {
				ALWAYS_SEARCH_USER_PATHS = NO;
				CLANG_ANALYZER_NONNULL = YES;
				CLANG_ANALYZER_NUMBER_OBJECT_CONVERSION = YES_AGGRESSIVE;
				CLANG_CXX_LANGUAGE_STANDARD = "gnu++17";
				CLANG_ENABLE_MODULES = YES;
				CLANG_ENABLE_OBJC_ARC = YES;
				CLANG_ENABLE_OBJC_WEAK = YES;
				CLANG_WARN_BLOCK_CAPTURE_AUTORELEASING = YES;
				CLANG_WARN_BOOL_CONVERSION = YES;
				CLANG_WARN_COMMA = YES;
				CLANG_WARN_CONSTANT_CONVERSION = YES;
				CLANG_WARN_DEPRECATED_OBJC_IMPLEMENTATIONS = YES;
				CLANG_WARN_DIRECT_OBJC_ISA_USAGE = YES_ERROR;
				CLANG_WARN_DOCUMENTATION_COMMENTS = YES;
				CLANG_WARN_EMPTY_BODY = YES;
				CLANG_WARN_ENUM_CONVERSION = YES;
				CLANG_WARN_INFINITE_RECURSION = YES;
				CLANG_WARN_INT_CONVERSION = YES;
				CLANG_WARN_NON_LITERAL_NULL_CONVERSION = YES;
				CLANG_WARN_OBJC_IMPLICIT_RETAIN_SELF = YES;
				CLANG_WARN_OBJC_LITERAL_CONVERSION = YES;
				CLANG_WARN_OBJC_ROOT_CLASS = YES_ERROR;
				CLANG_WARN_QUOTED_INCLUDE_IN_FRAMEWORK_HEADER = YES;
				CLANG_WARN_RANGE_LOOP_ANALYSIS = YES;
				CLANG_WARN_STRICT_PROTOTYPES = YES;
				CLANG_WARN_SUSPICIOUS_MOVE = YES;
				CLANG_WARN_UNGUARDED_AVAILABILITY = YES_AGGRESSIVE;
				CLANG_WARN_UNREACHABLE_CODE = YES;
				CLANG_WARN__DUPLICATE_METHOD_MATCH = YES;
				COPY_PHASE_STRIP = NO;
				DEBUG_INFORMATION_FORMAT = dwarf;
				ENABLE_STRICT_OBJC_MSGSEND = YES;
				ENABLE_TESTABILITY = YES;
				GCC_C_LANGUAGE_STANDARD = gnu11;
				GCC_DYNAMIC_NO_PIC = NO;
				GCC_NO_COMMON_BLOCKS = YES;
				GCC_OPTIMIZATION_LEVEL = 0;
				GCC_PREPROCESSOR_DEFINITIONS = (
					"DEBUG=1",
					"$(inherited)",
				);
				GCC_WARN_64_TO_32_BIT_CONVERSION = YES;
				GCC_WARN_ABOUT_RETURN_TYPE = YES_ERROR;
				GCC_WARN_UNDECLARED_SELECTOR = YES;
				GCC_WARN_UNINITIALIZED_AUTOS = YES_AGGRESSIVE;
				GCC_WARN_UNUSED_FUNCTION = YES;
				GCC_WARN_UNUSED_VARIABLE = YES;
				IPHONEOS_DEPLOYMENT_TARGET = 15.5;
				MTL_ENABLE_DEBUG_INFO = INCLUDE_SOURCE;
				MTL_FAST_MATH = YES;
				ONLY_ACTIVE_ARCH = YES;
				SDKROOT = iphoneos;
				SWIFT_ACTIVE_COMPILATION_CONDITIONS = DEBUG;
				SWIFT_OPTIMIZATION_LEVEL = "-Onone";
			};
			name = Debug;
		};
		EFB4033728DA558600794535 /* Release */ = {
			isa = XCBuildConfiguration;
			buildSettings = {
				ALWAYS_SEARCH_USER_PATHS = NO;
				CLANG_ANALYZER_NONNULL = YES;
				CLANG_ANALYZER_NUMBER_OBJECT_CONVERSION = YES_AGGRESSIVE;
				CLANG_CXX_LANGUAGE_STANDARD = "gnu++17";
				CLANG_ENABLE_MODULES = YES;
				CLANG_ENABLE_OBJC_ARC = YES;
				CLANG_ENABLE_OBJC_WEAK = YES;
				CLANG_WARN_BLOCK_CAPTURE_AUTORELEASING = YES;
				CLANG_WARN_BOOL_CONVERSION = YES;
				CLANG_WARN_COMMA = YES;
				CLANG_WARN_CONSTANT_CONVERSION = YES;
				CLANG_WARN_DEPRECATED_OBJC_IMPLEMENTATIONS = YES;
				CLANG_WARN_DIRECT_OBJC_ISA_USAGE = YES_ERROR;
				CLANG_WARN_DOCUMENTATION_COMMENTS = YES;
				CLANG_WARN_EMPTY_BODY = YES;
				CLANG_WARN_ENUM_CONVERSION = YES;
				CLANG_WARN_INFINITE_RECURSION = YES;
				CLANG_WARN_INT_CONVERSION = YES;
				CLANG_WARN_NON_LITERAL_NULL_CONVERSION = YES;
				CLANG_WARN_OBJC_IMPLICIT_RETAIN_SELF = YES;
				CLANG_WARN_OBJC_LITERAL_CONVERSION = YES;
				CLANG_WARN_OBJC_ROOT_CLASS = YES_ERROR;
				CLANG_WARN_QUOTED_INCLUDE_IN_FRAMEWORK_HEADER = YES;
				CLANG_WARN_RANGE_LOOP_ANALYSIS = YES;
				CLANG_WARN_STRICT_PROTOTYPES = YES;
				CLANG_WARN_SUSPICIOUS_MOVE = YES;
				CLANG_WARN_UNGUARDED_AVAILABILITY = YES_AGGRESSIVE;
				CLANG_WARN_UNREACHABLE_CODE = YES;
				CLANG_WARN__DUPLICATE_METHOD_MATCH = YES;
				COPY_PHASE_STRIP = NO;
				DEBUG_INFORMATION_FORMAT = "dwarf-with-dsym";
				ENABLE_NS_ASSERTIONS = NO;
				ENABLE_STRICT_OBJC_MSGSEND = YES;
				GCC_C_LANGUAGE_STANDARD = gnu11;
				GCC_NO_COMMON_BLOCKS = YES;
				GCC_WARN_64_TO_32_BIT_CONVERSION = YES;
				GCC_WARN_ABOUT_RETURN_TYPE = YES_ERROR;
				GCC_WARN_UNDECLARED_SELECTOR = YES;
				GCC_WARN_UNINITIALIZED_AUTOS = YES_AGGRESSIVE;
				GCC_WARN_UNUSED_FUNCTION = YES;
				GCC_WARN_UNUSED_VARIABLE = YES;
				IPHONEOS_DEPLOYMENT_TARGET = 15.5;
				MTL_ENABLE_DEBUG_INFO = NO;
				MTL_FAST_MATH = YES;
				SDKROOT = iphoneos;
				SWIFT_COMPILATION_MODE = wholemodule;
				SWIFT_OPTIMIZATION_LEVEL = "-O";
				VALIDATE_PRODUCT = YES;
			};
			name = Release;
		};
		EFB4033928DA558600794535 /* Debug */ = {
			isa = XCBuildConfiguration;
			buildSettings = {
				ASSETCATALOG_COMPILER_APPICON_NAME = AppIcon;
				ASSETCATALOG_COMPILER_GLOBAL_ACCENT_COLOR_NAME = AccentColor;
				CODE_SIGN_STYLE = Automatic;
				CURRENT_PROJECT_VERSION = 1;
				DEVELOPMENT_ASSET_PATHS = "\"BankingApplication/Preview Content\"";
				DEVELOPMENT_TEAM = VFHLZUD7NS;
				ENABLE_PREVIEWS = YES;
				GENERATE_INFOPLIST_FILE = YES;
				INFOPLIST_FILE = BankingApplication/Info.plist;
				INFOPLIST_KEY_LSApplicationCategoryType = "";
				INFOPLIST_KEY_UIApplicationSceneManifest_Generation = YES;
				INFOPLIST_KEY_UIApplicationSupportsIndirectInputEvents = YES;
				INFOPLIST_KEY_UILaunchScreen_Generation = YES;
				INFOPLIST_KEY_UISupportedInterfaceOrientations_iPad = "UIInterfaceOrientationPortrait UIInterfaceOrientationPortraitUpsideDown UIInterfaceOrientationLandscapeLeft UIInterfaceOrientationLandscapeRight";
				INFOPLIST_KEY_UISupportedInterfaceOrientations_iPhone = "UIInterfaceOrientationPortrait UIInterfaceOrientationLandscapeLeft UIInterfaceOrientationLandscapeRight";
				LD_RUNPATH_SEARCH_PATHS = (
					"$(inherited)",
					"@executable_path/Frameworks",
				);
				MARKETING_VERSION = 1.0;
				PRODUCT_BUNDLE_IDENTIFIER = com.faisalferoz.BankingApplication;
				PRODUCT_NAME = "$(TARGET_NAME)";
				SWIFT_EMIT_LOC_STRINGS = YES;
				SWIFT_VERSION = 5.0;
				TARGETED_DEVICE_FAMILY = "1,2";
			};
			name = Debug;
		};
		EFB4033A28DA558600794535 /* Release */ = {
			isa = XCBuildConfiguration;
			buildSettings = {
				ASSETCATALOG_COMPILER_APPICON_NAME = AppIcon;
				ASSETCATALOG_COMPILER_GLOBAL_ACCENT_COLOR_NAME = AccentColor;
				CODE_SIGN_STYLE = Automatic;
				CURRENT_PROJECT_VERSION = 1;
				DEVELOPMENT_ASSET_PATHS = "\"BankingApplication/Preview Content\"";
				DEVELOPMENT_TEAM = VFHLZUD7NS;
				ENABLE_PREVIEWS = YES;
				GENERATE_INFOPLIST_FILE = YES;
				INFOPLIST_FILE = BankingApplication/Info.plist;
				INFOPLIST_KEY_LSApplicationCategoryType = "";
				INFOPLIST_KEY_UIApplicationSceneManifest_Generation = YES;
				INFOPLIST_KEY_UIApplicationSupportsIndirectInputEvents = YES;
				INFOPLIST_KEY_UILaunchScreen_Generation = YES;
				INFOPLIST_KEY_UISupportedInterfaceOrientations_iPad = "UIInterfaceOrientationPortrait UIInterfaceOrientationPortraitUpsideDown UIInterfaceOrientationLandscapeLeft UIInterfaceOrientationLandscapeRight";
				INFOPLIST_KEY_UISupportedInterfaceOrientations_iPhone = "UIInterfaceOrientationPortrait UIInterfaceOrientationLandscapeLeft UIInterfaceOrientationLandscapeRight";
				LD_RUNPATH_SEARCH_PATHS = (
					"$(inherited)",
					"@executable_path/Frameworks",
				);
				MARKETING_VERSION = 1.0;
				PRODUCT_BUNDLE_IDENTIFIER = com.faisalferoz.BankingApplication;
				PRODUCT_NAME = "$(TARGET_NAME)";
				SWIFT_EMIT_LOC_STRINGS = YES;
				SWIFT_VERSION = 5.0;
				TARGETED_DEVICE_FAMILY = "1,2";
			};
			name = Release;
		};
/* End XCBuildConfiguration section */

/* Begin XCConfigurationList section */
		EFB4032528DA558400794535 /* Build configuration list for PBXProject "BankingApplication" */ = {
			isa = XCConfigurationList;
			buildConfigurations = (
				EFB4033628DA558600794535 /* Debug */,
				EFB4033728DA558600794535 /* Release */,
			);
			defaultConfigurationIsVisible = 0;
			defaultConfigurationName = Release;
		};
		EFB4033828DA558600794535 /* Build configuration list for PBXNativeTarget "BankingApplication" */ = {
			isa = XCConfigurationList;
			buildConfigurations = (
				EFB4033928DA558600794535 /* Debug */,
				EFB4033A28DA558600794535 /* Release */,
			);
			defaultConfigurationIsVisible = 0;
			defaultConfigurationName = Release;
		};
/* End XCConfigurationList section */
	};
	rootObject = EFB4032228DA558400794535 /* Project object */;
}
